
Microsoft Visual Studio Solution File, Format Version 12.00
# Visual Studio Version 16
VisualStudioVersion = 16.0.30804.86
MinimumVisualStudioVersion = 10.0.40219.1
Project("{2150E333-8FDC-42A3-9474-1A3956D46DE8}") = "src", "src", "{3ABFBA00-F00A-42DD-9945-FFB165156740}"
EndProject
Project("{2150E333-8FDC-42A3-9474-1A3956D46DE8}") = "SolutionItems", "SolutionItems", "{6D56BBD2-9FB4-430E-9455-EBDA05333CD4}"
	ProjectSection(SolutionItems) = preProject
		.gitignore = .gitignore
		.gitlab-ci.yml = .gitlab-ci.yml
		Dockerfile = Dockerfile
		GitVersion.yml = GitVersion.yml
		README.md = README.md
		docker-compose.yml = docker-compose.yml
		Dockerfile.Local = Dockerfile.Local
	EndProjectSection
EndProject
Project("{9A19103F-16F7-4668-BE54-9A1E7A4F7556}") = "Nyris.Crdt.Distributed.SourceGenerators", "src\Nyris.Crdt.Distributed.SourceGenerators\Nyris.Crdt.Distributed.SourceGenerators.csproj", "{E7B2E8E4-BBEE-48F7-AB9F-56B41CD49BBC}"
EndProject
Project("{9A19103F-16F7-4668-BE54-9A1E7A4F7556}") = "Nyris.Crdt", "src\Nyris.Crdt\Nyris.Crdt.csproj", "{3E0DE9B7-4931-486B-ABD6-9E0513E6B092}"
EndProject
Project("{9A19103F-16F7-4668-BE54-9A1E7A4F7556}") = "Nyris.Crdt.Distributed", "src\Nyris.Crdt.Distributed\Nyris.Crdt.Distributed.csproj", "{D3A6EE4A-0D79-46A3-B960-FEC518808897}"
EndProject
Project("{2150E333-8FDC-42A3-9474-1A3956D46DE8}") = "samples", "samples", "{6B8C04E5-DE4A-49CF-BDDF-23A846D44770}"
EndProject
Project("{9A19103F-16F7-4668-BE54-9A1E7A4F7556}") = "Nyris.Crdt.AspNetExample", "samples\Nyris.Crdt.AspNetExample\Nyris.Crdt.AspNetExample.csproj", "{B7E7196B-C640-49F7-BEAD-7A2D4A4492C9}"
EndProject
Project("{9A19103F-16F7-4668-BE54-9A1E7A4F7556}") = "ConsoleApp", "samples\ConsoleApp\ConsoleApp.csproj", "{D1E45236-9756-4C8C-B4EF-C4DD810E04EC}"
EndProject
Project("{2150E333-8FDC-42A3-9474-1A3956D46DE8}") = "kubernetes", "kubernetes", "{0D94E2F6-9E78-4ED6-BD22-4F84BC5050DE}"
	ProjectSection(SolutionItems) = preProject
		kubernetes\README.md = kubernetes\README.md
	EndProjectSection
EndProject
Project("{2150E333-8FDC-42A3-9474-1A3956D46DE8}") = "sample", "sample", "{C2126456-784C-4F41-8865-2730629526D9}"
	ProjectSection(SolutionItems) = preProject
		kubernetes\sample\deployment.yaml = kubernetes\sample\deployment.yaml
		kubernetes\sample\README.md = kubernetes\sample\README.md
		kubernetes\sample\RBAC.yaml = kubernetes\sample\RBAC.yaml
	EndProjectSection
EndProject
Project("{2150E333-8FDC-42A3-9474-1A3956D46DE8}") = "ComposeConfig", "ComposeConfig", "{1F5E2623-3AE7-4157-8D94-6382B2AE6F53}"
	ProjectSection(SolutionItems) = preProject
		ComposeConfig\appsettings.json = ComposeConfig\appsettings.json
	EndProjectSection
EndProject
Project("{2150E333-8FDC-42A3-9474-1A3956D46DE8}") = "test", "test", "{C7E2C576-DDDE-4EDA-85EF-09424BC72847}"
EndProject
Project("{FAE04EC0-301F-11D3-BF4B-00C04F79EFBC}") = "Nyris.Crdt.AspNetExample.IntegrationTests", "test\Nyris.Crdt.AspNetExample.IntegrationTests\Nyris.Crdt.AspNetExample.IntegrationTests.csproj", "{023AB781-A918-4190-A940-8147B65C0D4F}"
EndProject
Project("{FAE04EC0-301F-11D3-BF4B-00C04F79EFBC}") = "Nyris.Crdt.Tests", "test\Nyris.Crdt.Tests\Nyris.Crdt.Tests.csproj", "{12A68955-E9B5-4806-ABEF-96CD77DE1269}"
EndProject
Global
	GlobalSection(SolutionConfigurationPlatforms) = preSolution
		Debug|Any CPU = Debug|Any CPU
		Release|Any CPU = Release|Any CPU
	EndGlobalSection
	GlobalSection(ProjectConfigurationPlatforms) = postSolution
		{E7B2E8E4-BBEE-48F7-AB9F-56B41CD49BBC}.Debug|Any CPU.ActiveCfg = Debug|Any CPU
		{E7B2E8E4-BBEE-48F7-AB9F-56B41CD49BBC}.Debug|Any CPU.Build.0 = Debug|Any CPU
		{E7B2E8E4-BBEE-48F7-AB9F-56B41CD49BBC}.Release|Any CPU.ActiveCfg = Release|Any CPU
		{E7B2E8E4-BBEE-48F7-AB9F-56B41CD49BBC}.Release|Any CPU.Build.0 = Release|Any CPU
		{3E0DE9B7-4931-486B-ABD6-9E0513E6B092}.Debug|Any CPU.ActiveCfg = Debug|Any CPU
		{3E0DE9B7-4931-486B-ABD6-9E0513E6B092}.Debug|Any CPU.Build.0 = Debug|Any CPU
		{3E0DE9B7-4931-486B-ABD6-9E0513E6B092}.Release|Any CPU.ActiveCfg = Release|Any CPU
		{3E0DE9B7-4931-486B-ABD6-9E0513E6B092}.Release|Any CPU.Build.0 = Release|Any CPU
		{D3A6EE4A-0D79-46A3-B960-FEC518808897}.Debug|Any CPU.ActiveCfg = Debug|Any CPU
		{D3A6EE4A-0D79-46A3-B960-FEC518808897}.Debug|Any CPU.Build.0 = Debug|Any CPU
		{D3A6EE4A-0D79-46A3-B960-FEC518808897}.Release|Any CPU.ActiveCfg = Release|Any CPU
		{D3A6EE4A-0D79-46A3-B960-FEC518808897}.Release|Any CPU.Build.0 = Release|Any CPU
		{B7E7196B-C640-49F7-BEAD-7A2D4A4492C9}.Debug|Any CPU.ActiveCfg = Debug|Any CPU
		{B7E7196B-C640-49F7-BEAD-7A2D4A4492C9}.Debug|Any CPU.Build.0 = Debug|Any CPU
		{B7E7196B-C640-49F7-BEAD-7A2D4A4492C9}.Release|Any CPU.ActiveCfg = Release|Any CPU
		{B7E7196B-C640-49F7-BEAD-7A2D4A4492C9}.Release|Any CPU.Build.0 = Release|Any CPU
		{D1E45236-9756-4C8C-B4EF-C4DD810E04EC}.Debug|Any CPU.ActiveCfg = Debug|Any CPU
		{D1E45236-9756-4C8C-B4EF-C4DD810E04EC}.Debug|Any CPU.Build.0 = Debug|Any CPU
		{D1E45236-9756-4C8C-B4EF-C4DD810E04EC}.Release|Any CPU.ActiveCfg = Release|Any CPU
		{D1E45236-9756-4C8C-B4EF-C4DD810E04EC}.Release|Any CPU.Build.0 = Release|Any CPU
		{023AB781-A918-4190-A940-8147B65C0D4F}.Debug|Any CPU.ActiveCfg = Debug|Any CPU
		{023AB781-A918-4190-A940-8147B65C0D4F}.Debug|Any CPU.Build.0 = Debug|Any CPU
		{023AB781-A918-4190-A940-8147B65C0D4F}.Release|Any CPU.ActiveCfg = Release|Any CPU
		{023AB781-A918-4190-A940-8147B65C0D4F}.Release|Any CPU.Build.0 = Release|Any CPU
		{12A68955-E9B5-4806-ABEF-96CD77DE1269}.Debug|Any CPU.ActiveCfg = Debug|Any CPU
		{12A68955-E9B5-4806-ABEF-96CD77DE1269}.Debug|Any CPU.Build.0 = Debug|Any CPU
		{12A68955-E9B5-4806-ABEF-96CD77DE1269}.Release|Any CPU.ActiveCfg = Release|Any CPU
		{12A68955-E9B5-4806-ABEF-96CD77DE1269}.Release|Any CPU.Build.0 = Release|Any CPU
	EndGlobalSection
	GlobalSection(SolutionProperties) = preSolution
		HideSolutionNode = FALSE
	EndGlobalSection
	GlobalSection(NestedProjects) = preSolution
		{E7B2E8E4-BBEE-48F7-AB9F-56B41CD49BBC} = {3ABFBA00-F00A-42DD-9945-FFB165156740}
		{3E0DE9B7-4931-486B-ABD6-9E0513E6B092} = {3ABFBA00-F00A-42DD-9945-FFB165156740}
		{D3A6EE4A-0D79-46A3-B960-FEC518808897} = {3ABFBA00-F00A-42DD-9945-FFB165156740}
		{B7E7196B-C640-49F7-BEAD-7A2D4A4492C9} = {6B8C04E5-DE4A-49CF-BDDF-23A846D44770}
		{D1E45236-9756-4C8C-B4EF-C4DD810E04EC} = {6B8C04E5-DE4A-49CF-BDDF-23A846D44770}
		{0D94E2F6-9E78-4ED6-BD22-4F84BC5050DE} = {6D56BBD2-9FB4-430E-9455-EBDA05333CD4}
		{C2126456-784C-4F41-8865-2730629526D9} = {0D94E2F6-9E78-4ED6-BD22-4F84BC5050DE}
		{1F5E2623-3AE7-4157-8D94-6382B2AE6F53} = {6D56BBD2-9FB4-430E-9455-EBDA05333CD4}
		{023AB781-A918-4190-A940-8147B65C0D4F} = {C7E2C576-DDDE-4EDA-85EF-09424BC72847}
		{12A68955-E9B5-4806-ABEF-96CD77DE1269} = {C7E2C576-DDDE-4EDA-85EF-09424BC72847}
	EndGlobalSection
	GlobalSection(ExtensibilityGlobals) = postSolution
		SolutionGuid = {91F8266A-0098-4288-8192-CCBDE65BC63B}
	EndGlobalSection
EndGlobal
